{
  "name": "EasyPxeServer",
  "lockfileVersion": 3,
  "requires": true,
  "packages": {
    "": {
      "dependencies": {
        "novnc": "^1.2.0"
      }
    },
    "node_modules/novnc": {
      "version": "1.2.0",
      "resolved": "https://registry.npmjs.org/novnc/-/novnc-1.2.0.tgz",
      "integrity": "sha512-bItTHPXsrKEs79nZoOKGp+qnj5I986suOFva+fgvkO8AO0Uhedn6+FYZTN7QCGS88F33gshzcy55302ke2PPjw==",
      "license": "MPL-2.0"
    }
  }
}
