# THIS IS AN AUTOGENERATED FILE. DO NOT EDIT THIS FILE DIRECTLY.
# yarn lockfile v1


novnc@^1.2.0:
  version "1.2.0"
  resolved "https://registry.yarnpkg.com/novnc/-/novnc-1.2.0.tgz#b924fca445e2d14b7f8a8b0e4b8a353e137ea862"
  integrity sha512-bItTHPXsrKEs79nZoOKGp+qnj5I986suOFva+fgvkO8AO0Uhedn6+FYZTN7QCGS88F33gshzcy55302ke2PPjw==
